
Microsoft Visual Studio Solution File, Format Version 12.00
# Visual Studio 15
VisualStudioVersion = 15.0.26228.9
MinimumVisualStudioVersion = 10.0.40219.1
Project("{FAE04EC0-301F-11D3-BF4B-00C04F79EFBC}") = "ItemClickBinding.Android", "ItemClickBinding\ItemClickBinding.Android\ItemClickBinding.Android.csproj", "{5E47746F-F205-4385-8431-5CD18EDC4E16}"
EndProject
Project("{FAE04EC0-301F-11D3-BF4B-00C04F79EFBC}") = "ItemClickBinding", "ItemClickBinding\ItemClickBinding\ItemClickBinding.csproj", "{647237B6-4D09-4BAB-B35E-D838099AE1F6}"
EndProject
Project("{FAE04EC0-301F-11D3-BF4B-00C04F79EFBC}") = "ItemClickBinding.iOS", "ItemClickBinding\ItemClickBinding.iOS\ItemClickBinding.iOS.csproj", "{90359762-35CE-4116-BB19-C1A8B6EDD36D}"
EndProject
Global
	GlobalSection(SolutionConfigurationPlatforms) = preSolution
		Ad-Hoc|Any CPU = Ad-Hoc|Any CPU
		Ad-Hoc|ARM = Ad-Hoc|ARM
		Ad-Hoc|iPhone = Ad-Hoc|iPhone
		Ad-Hoc|iPhoneSimulator = Ad-Hoc|iPhoneSimulator
		Ad-Hoc|x64 = Ad-Hoc|x64
		Ad-Hoc|x86 = Ad-Hoc|x86
		AppStore|Any CPU = AppStore|Any CPU
		AppStore|ARM = AppStore|ARM
		AppStore|iPhone = AppStore|iPhone
		AppStore|iPhoneSimulator = AppStore|iPhoneSimulator
		AppStore|x64 = AppStore|x64
		AppStore|x86 = AppStore|x86
		Debug|Any CPU = Debug|Any CPU
		Debug|ARM = Debug|ARM
		Debug|iPhone = Debug|iPhone
		Debug|iPhoneSimulator = Debug|iPhoneSimulator
		Debug|x64 = Debug|x64
		Debug|x86 = Debug|x86
		Release|Any CPU = Release|Any CPU
		Release|ARM = Release|ARM
		Release|iPhone = Release|iPhone
		Release|iPhoneSimulator = Release|iPhoneSimulator
		Release|x64 = Release|x64
		Release|x86 = Release|x86
	EndGlobalSection
	GlobalSection(ProjectConfigurationPlatforms) = postSolution
		{5E47746F-F205-4385-8431-5CD18EDC4E16}.Ad-Hoc|Any CPU.ActiveCfg = Release|Any CPU
		{5E47746F-F205-4385-8431-5CD18EDC4E16}.Ad-Hoc|Any CPU.Build.0 = Release|Any CPU
		{5E47746F-F205-4385-8431-5CD18EDC4E16}.Ad-Hoc|Any CPU.Deploy.0 = Release|Any CPU
		{5E47746F-F205-4385-8431-5CD18EDC4E16}.Ad-Hoc|ARM.ActiveCfg = Release|Any CPU
		{5E47746F-F205-4385-8431-5CD18EDC4E16}.Ad-Hoc|ARM.Build.0 = Release|Any CPU
		{5E47746F-F205-4385-8431-5CD18EDC4E16}.Ad-Hoc|ARM.Deploy.0 = Release|Any CPU
		{5E47746F-F205-4385-8431-5CD18EDC4E16}.Ad-Hoc|iPhone.ActiveCfg = Release|Any CPU
		{5E47746F-F205-4385-8431-5CD18EDC4E16}.Ad-Hoc|iPhone.Build.0 = Release|Any CPU
		{5E47746F-F205-4385-8431-5CD18EDC4E16}.Ad-Hoc|iPhone.Deploy.0 = Release|Any CPU
		{5E47746F-F205-4385-8431-5CD18EDC4E16}.Ad-Hoc|iPhoneSimulator.ActiveCfg = Release|Any CPU
		{5E47746F-F205-4385-8431-5CD18EDC4E16}.Ad-Hoc|iPhoneSimulator.Build.0 = Release|Any CPU
		{5E47746F-F205-4385-8431-5CD18EDC4E16}.Ad-Hoc|iPhoneSimulator.Deploy.0 = Release|Any CPU
		{5E47746F-F205-4385-8431-5CD18EDC4E16}.Ad-Hoc|x64.ActiveCfg = Release|Any CPU
		{5E47746F-F205-4385-8431-5CD18EDC4E16}.Ad-Hoc|x64.Build.0 = Release|Any CPU
		{5E47746F-F205-4385-8431-5CD18EDC4E16}.Ad-Hoc|x64.Deploy.0 = Release|Any CPU
		{5E47746F-F205-4385-8431-5CD18EDC4E16}.Ad-Hoc|x86.ActiveCfg = Release|Any CPU
		{5E47746F-F205-4385-8431-5CD18EDC4E16}.Ad-Hoc|x86.Build.0 = Release|Any CPU
		{5E47746F-F205-4385-8431-5CD18EDC4E16}.Ad-Hoc|x86.Deploy.0 = Release|Any CPU
		{5E47746F-F205-4385-8431-5CD18EDC4E16}.AppStore|Any CPU.ActiveCfg = Release|Any CPU
		{5E47746F-F205-4385-8431-5CD18EDC4E16}.AppStore|Any CPU.Build.0 = Release|Any CPU
		{5E47746F-F205-4385-8431-5CD18EDC4E16}.AppStore|Any CPU.Deploy.0 = Release|Any CPU
		{5E47746F-F205-4385-8431-5CD18EDC4E16}.AppStore|ARM.ActiveCfg = Release|Any CPU
		{5E47746F-F205-4385-8431-5CD18EDC4E16}.AppStore|ARM.Build.0 = Release|Any CPU
		{5E47746F-F205-4385-8431-5CD18EDC4E16}.AppStore|ARM.Deploy.0 = Release|Any CPU
		{5E47746F-F205-4385-8431-5CD18EDC4E16}.AppStore|iPhone.ActiveCfg = Release|Any CPU
		{5E47746F-F205-4385-8431-5CD18EDC4E16}.AppStore|iPhone.Build.0 = Release|Any CPU
		{5E47746F-F205-4385-8431-5CD18EDC4E16}.AppStore|iPhone.Deploy.0 = Release|Any CPU
		{5E47746F-F205-4385-8431-5CD18EDC4E16}.AppStore|iPhoneSimulator.ActiveCfg = Release|Any CPU
		{5E47746F-F205-4385-8431-5CD18EDC4E16}.AppStore|iPhoneSimulator.Build.0 = Release|Any CPU
		{5E47746F-F205-4385-8431-5CD18EDC4E16}.AppStore|iPhoneSimulator.Deploy.0 = Release|Any CPU
		{5E47746F-F205-4385-8431-5CD18EDC4E16}.AppStore|x64.ActiveCfg = Release|Any CPU
		{5E47746F-F205-4385-8431-5CD18EDC4E16}.AppStore|x64.Build.0 = Release|Any CPU
		{5E47746F-F205-4385-8431-5CD18EDC4E16}.AppStore|x64.Deploy.0 = Release|Any CPU
		{5E47746F-F205-4385-8431-5CD18EDC4E16}.AppStore|x86.ActiveCfg = Release|Any CPU
		{5E47746F-F205-4385-8431-5CD18EDC4E16}.AppStore|x86.Build.0 = Release|Any CPU
		{5E47746F-F205-4385-8431-5CD18EDC4E16}.AppStore|x86.Deploy.0 = Release|Any CPU
		{5E47746F-F205-4385-8431-5CD18EDC4E16}.Debug|Any CPU.ActiveCfg = Debug|Any CPU
		{5E47746F-F205-4385-8431-5CD18EDC4E16}.Debug|Any CPU.Build.0 = Debug|Any CPU
		{5E47746F-F205-4385-8431-5CD18EDC4E16}.Debug|Any CPU.Deploy.0 = Debug|Any CPU
		{5E47746F-F205-4385-8431-5CD18EDC4E16}.Debug|ARM.ActiveCfg = Debug|Any CPU
		{5E47746F-F205-4385-8431-5CD18EDC4E16}.Debug|ARM.Build.0 = Debug|Any CPU
		{5E47746F-F205-4385-8431-5CD18EDC4E16}.Debug|ARM.Deploy.0 = Debug|Any CPU
		{5E47746F-F205-4385-8431-5CD18EDC4E16}.Debug|iPhone.ActiveCfg = Debug|Any CPU
		{5E47746F-F205-4385-8431-5CD18EDC4E16}.Debug|iPhone.Build.0 = Debug|Any CPU
		{5E47746F-F205-4385-8431-5CD18EDC4E16}.Debug|iPhone.Deploy.0 = Debug|Any CPU
		{5E47746F-F205-4385-8431-5CD18EDC4E16}.Debug|iPhoneSimulator.ActiveCfg = Debug|Any CPU
		{5E47746F-F205-4385-8431-5CD18EDC4E16}.Debug|iPhoneSimulator.Build.0 = Debug|Any CPU
		{5E47746F-F205-4385-8431-5CD18EDC4E16}.Debug|iPhoneSimulator.Deploy.0 = Debug|Any CPU
		{5E47746F-F205-4385-8431-5CD18EDC4E16}.Debug|x64.ActiveCfg = Debug|Any CPU
		{5E47746F-F205-4385-8431-5CD18EDC4E16}.Debug|x64.Build.0 = Debug|Any CPU
		{5E47746F-F205-4385-8431-5CD18EDC4E16}.Debug|x64.Deploy.0 = Debug|Any CPU
		{5E47746F-F205-4385-8431-5CD18EDC4E16}.Debug|x86.ActiveCfg = Debug|Any CPU
		{5E47746F-F205-4385-8431-5CD18EDC4E16}.Debug|x86.Build.0 = Debug|Any CPU
		{5E47746F-F205-4385-8431-5CD18EDC4E16}.Debug|x86.Deploy.0 = Debug|Any CPU
		{5E47746F-F205-4385-8431-5CD18EDC4E16}.Release|Any CPU.ActiveCfg = Release|Any CPU
		{5E47746F-F205-4385-8431-5CD18EDC4E16}.Release|Any CPU.Build.0 = Release|Any CPU
		{5E47746F-F205-4385-8431-5CD18EDC4E16}.Release|Any CPU.Deploy.0 = Release|Any CPU
		{5E47746F-F205-4385-8431-5CD18EDC4E16}.Release|ARM.ActiveCfg = Release|Any CPU
		{5E47746F-F205-4385-8431-5CD18EDC4E16}.Release|ARM.Build.0 = Release|Any CPU
		{5E47746F-F205-4385-8431-5CD18EDC4E16}.Release|ARM.Deploy.0 = Release|Any CPU
		{5E47746F-F205-4385-8431-5CD18EDC4E16}.Release|iPhone.ActiveCfg = Release|Any CPU
		{5E47746F-F205-4385-8431-5CD18EDC4E16}.Release|iPhone.Build.0 = Release|Any CPU
		{5E47746F-F205-4385-8431-5CD18EDC4E16}.Release|iPhone.Deploy.0 = Release|Any CPU
		{5E47746F-F205-4385-8431-5CD18EDC4E16}.Release|iPhoneSimulator.ActiveCfg = Release|Any CPU
		{5E47746F-F205-4385-8431-5CD18EDC4E16}.Release|iPhoneSimulator.Build.0 = Release|Any CPU
		{5E47746F-F205-4385-8431-5CD18EDC4E16}.Release|iPhoneSimulator.Deploy.0 = Release|Any CPU
		{5E47746F-F205-4385-8431-5CD18EDC4E16}.Release|x64.ActiveCfg = Release|Any CPU
		{5E47746F-F205-4385-8431-5CD18EDC4E16}.Release|x64.Build.0 = Release|Any CPU
		{5E47746F-F205-4385-8431-5CD18EDC4E16}.Release|x64.Deploy.0 = Release|Any CPU
		{5E47746F-F205-4385-8431-5CD18EDC4E16}.Release|x86.ActiveCfg = Release|Any CPU
		{5E47746F-F205-4385-8431-5CD18EDC4E16}.Release|x86.Build.0 = Release|Any CPU
		{5E47746F-F205-4385-8431-5CD18EDC4E16}.Release|x86.Deploy.0 = Release|Any CPU
		{647237B6-4D09-4BAB-B35E-D838099AE1F6}.Ad-Hoc|Any CPU.ActiveCfg = Release|Any CPU
		{647237B6-4D09-4BAB-B35E-D838099AE1F6}.Ad-Hoc|Any CPU.Build.0 = Release|Any CPU
		{647237B6-4D09-4BAB-B35E-D838099AE1F6}.Ad-Hoc|ARM.ActiveCfg = Release|Any CPU
		{647237B6-4D09-4BAB-B35E-D838099AE1F6}.Ad-Hoc|ARM.Build.0 = Release|Any CPU
		{647237B6-4D09-4BAB-B35E-D838099AE1F6}.Ad-Hoc|iPhone.ActiveCfg = Release|Any CPU
		{647237B6-4D09-4BAB-B35E-D838099AE1F6}.Ad-Hoc|iPhone.Build.0 = Release|Any CPU
		{647237B6-4D09-4BAB-B35E-D838099AE1F6}.Ad-Hoc|iPhoneSimulator.ActiveCfg = Release|Any CPU
		{647237B6-4D09-4BAB-B35E-D838099AE1F6}.Ad-Hoc|iPhoneSimulator.Build.0 = Release|Any CPU
		{647237B6-4D09-4BAB-B35E-D838099AE1F6}.Ad-Hoc|x64.ActiveCfg = Release|Any CPU
		{647237B6-4D09-4BAB-B35E-D838099AE1F6}.Ad-Hoc|x64.Build.0 = Release|Any CPU
		{647237B6-4D09-4BAB-B35E-D838099AE1F6}.Ad-Hoc|x86.ActiveCfg = Release|Any CPU
		{647237B6-4D09-4BAB-B35E-D838099AE1F6}.Ad-Hoc|x86.Build.0 = Release|Any CPU
		{647237B6-4D09-4BAB-B35E-D838099AE1F6}.AppStore|Any CPU.ActiveCfg = Release|Any CPU
		{647237B6-4D09-4BAB-B35E-D838099AE1F6}.AppStore|Any CPU.Build.0 = Release|Any CPU
		{647237B6-4D09-4BAB-B35E-D838099AE1F6}.AppStore|ARM.ActiveCfg = Release|Any CPU
		{647237B6-4D09-4BAB-B35E-D838099AE1F6}.AppStore|ARM.Build.0 = Release|Any CPU
		{647237B6-4D09-4BAB-B35E-D838099AE1F6}.AppStore|iPhone.ActiveCfg = Release|Any CPU
		{647237B6-4D09-4BAB-B35E-D838099AE1F6}.AppStore|iPhone.Build.0 = Release|Any CPU
		{647237B6-4D09-4BAB-B35E-D838099AE1F6}.AppStore|iPhoneSimulator.ActiveCfg = Release|Any CPU
		{647237B6-4D09-4BAB-B35E-D838099AE1F6}.AppStore|iPhoneSimulator.Build.0 = Release|Any CPU
		{647237B6-4D09-4BAB-B35E-D838099AE1F6}.AppStore|x64.ActiveCfg = Release|Any CPU
		{647237B6-4D09-4BAB-B35E-D838099AE1F6}.AppStore|x64.Build.0 = Release|Any CPU
		{647237B6-4D09-4BAB-B35E-D838099AE1F6}.AppStore|x86.ActiveCfg = Release|Any CPU
		{647237B6-4D09-4BAB-B35E-D838099AE1F6}.AppStore|x86.Build.0 = Release|Any CPU
		{647237B6-4D09-4BAB-B35E-D838099AE1F6}.Debug|Any CPU.ActiveCfg = Debug|Any CPU
		{647237B6-4D09-4BAB-B35E-D838099AE1F6}.Debug|Any CPU.Build.0 = Debug|Any CPU
		{647237B6-4D09-4BAB-B35E-D838099AE1F6}.Debug|ARM.ActiveCfg = Debug|Any CPU
		{647237B6-4D09-4BAB-B35E-D838099AE1F6}.Debug|ARM.Build.0 = Debug|Any CPU
		{647237B6-4D09-4BAB-B35E-D838099AE1F6}.Debug|iPhone.ActiveCfg = Debug|Any CPU
		{647237B6-4D09-4BAB-B35E-D838099AE1F6}.Debug|iPhone.Build.0 = Debug|Any CPU
		{647237B6-4D09-4BAB-B35E-D838099AE1F6}.Debug|iPhoneSimulator.ActiveCfg = Debug|Any CPU
		{647237B6-4D09-4BAB-B35E-D838099AE1F6}.Debug|iPhoneSimulator.Build.0 = Debug|Any CPU
		{647237B6-4D09-4BAB-B35E-D838099AE1F6}.Debug|x64.ActiveCfg = Debug|Any CPU
		{647237B6-4D09-4BAB-B35E-D838099AE1F6}.Debug|x64.Build.0 = Debug|Any CPU
		{647237B6-4D09-4BAB-B35E-D838099AE1F6}.Debug|x86.ActiveCfg = Debug|Any CPU
		{647237B6-4D09-4BAB-B35E-D838099AE1F6}.Debug|x86.Build.0 = Debug|Any CPU
		{647237B6-4D09-4BAB-B35E-D838099AE1F6}.Release|Any CPU.ActiveCfg = Release|Any CPU
		{647237B6-4D09-4BAB-B35E-D838099AE1F6}.Release|Any CPU.Build.0 = Release|Any CPU
		{647237B6-4D09-4BAB-B35E-D838099AE1F6}.Release|ARM.ActiveCfg = Release|Any CPU
		{647237B6-4D09-4BAB-B35E-D838099AE1F6}.Release|ARM.Build.0 = Release|Any CPU
		{647237B6-4D09-4BAB-B35E-D838099AE1F6}.Release|iPhone.ActiveCfg = Release|Any CPU
		{647237B6-4D09-4BAB-B35E-D838099AE1F6}.Release|iPhone.Build.0 = Release|Any CPU
		{647237B6-4D09-4BAB-B35E-D838099AE1F6}.Release|iPhoneSimulator.ActiveCfg = Release|Any CPU
		{647237B6-4D09-4BAB-B35E-D838099AE1F6}.Release|iPhoneSimulator.Build.0 = Release|Any CPU
		{647237B6-4D09-4BAB-B35E-D838099AE1F6}.Release|x64.ActiveCfg = Release|Any CPU
		{647237B6-4D09-4BAB-B35E-D838099AE1F6}.Release|x64.Build.0 = Release|Any CPU
		{647237B6-4D09-4BAB-B35E-D838099AE1F6}.Release|x86.ActiveCfg = Release|Any CPU
		{647237B6-4D09-4BAB-B35E-D838099AE1F6}.Release|x86.Build.0 = Release|Any CPU
		{90359762-35CE-4116-BB19-C1A8B6EDD36D}.Ad-Hoc|Any CPU.ActiveCfg = Ad-Hoc|iPhone
		{90359762-35CE-4116-BB19-C1A8B6EDD36D}.Ad-Hoc|ARM.ActiveCfg = Ad-Hoc|iPhone
		{90359762-35CE-4116-BB19-C1A8B6EDD36D}.Ad-Hoc|iPhone.ActiveCfg = Ad-Hoc|iPhone
		{90359762-35CE-4116-BB19-C1A8B6EDD36D}.Ad-Hoc|iPhone.Build.0 = Ad-Hoc|iPhone
		{90359762-35CE-4116-BB19-C1A8B6EDD36D}.Ad-Hoc|iPhoneSimulator.ActiveCfg = Ad-Hoc|iPhoneSimulator
		{90359762-35CE-4116-BB19-C1A8B6EDD36D}.Ad-Hoc|iPhoneSimulator.Build.0 = Ad-Hoc|iPhoneSimulator
		{90359762-35CE-4116-BB19-C1A8B6EDD36D}.Ad-Hoc|x64.ActiveCfg = Ad-Hoc|iPhone
		{90359762-35CE-4116-BB19-C1A8B6EDD36D}.Ad-Hoc|x86.ActiveCfg = Ad-Hoc|iPhone
		{90359762-35CE-4116-BB19-C1A8B6EDD36D}.AppStore|Any CPU.ActiveCfg = AppStore|iPhone
		{90359762-35CE-4116-BB19-C1A8B6EDD36D}.AppStore|ARM.ActiveCfg = AppStore|iPhone
		{90359762-35CE-4116-BB19-C1A8B6EDD36D}.AppStore|iPhone.ActiveCfg = AppStore|iPhone
		{90359762-35CE-4116-BB19-C1A8B6EDD36D}.AppStore|iPhone.Build.0 = AppStore|iPhone
		{90359762-35CE-4116-BB19-C1A8B6EDD36D}.AppStore|iPhoneSimulator.ActiveCfg = AppStore|iPhoneSimulator
		{90359762-35CE-4116-BB19-C1A8B6EDD36D}.AppStore|iPhoneSimulator.Build.0 = AppStore|iPhoneSimulator
		{90359762-35CE-4116-BB19-C1A8B6EDD36D}.AppStore|x64.ActiveCfg = AppStore|iPhone
		{90359762-35CE-4116-BB19-C1A8B6EDD36D}.AppStore|x86.ActiveCfg = AppStore|iPhone
		{90359762-35CE-4116-BB19-C1A8B6EDD36D}.Debug|Any CPU.ActiveCfg = Debug|iPhone
		{90359762-35CE-4116-BB19-C1A8B6EDD36D}.Debug|ARM.ActiveCfg = Debug|iPhone
		{90359762-35CE-4116-BB19-C1A8B6EDD36D}.Debug|iPhone.ActiveCfg = Debug|iPhone
		{90359762-35CE-4116-BB19-C1A8B6EDD36D}.Debug|iPhone.Build.0 = Debug|iPhone
		{90359762-35CE-4116-BB19-C1A8B6EDD36D}.Debug|iPhoneSimulator.ActiveCfg = Debug|iPhoneSimulator
		{90359762-35CE-4116-BB19-C1A8B6EDD36D}.Debug|iPhoneSimulator.Build.0 = Debug|iPhoneSimulator
		{90359762-35CE-4116-BB19-C1A8B6EDD36D}.Debug|x64.ActiveCfg = Debug|iPhone
		{90359762-35CE-4116-BB19-C1A8B6EDD36D}.Debug|x86.ActiveCfg = Debug|iPhone
		{90359762-35CE-4116-BB19-C1A8B6EDD36D}.Release|Any CPU.ActiveCfg = Release|iPhone
		{90359762-35CE-4116-BB19-C1A8B6EDD36D}.Release|ARM.ActiveCfg = Release|iPhone
		{90359762-35CE-4116-BB19-C1A8B6EDD36D}.Release|iPhone.ActiveCfg = Release|iPhone
		{90359762-35CE-4116-BB19-C1A8B6EDD36D}.Release|iPhone.Build.0 = Release|iPhone
		{90359762-35CE-4116-BB19-C1A8B6EDD36D}.Release|iPhoneSimulator.ActiveCfg = Release|iPhoneSimulator
		{90359762-35CE-4116-BB19-C1A8B6EDD36D}.Release|iPhoneSimulator.Build.0 = Release|iPhoneSimulator
		{90359762-35CE-4116-BB19-C1A8B6EDD36D}.Release|x64.ActiveCfg = Release|iPhone
		{90359762-35CE-4116-BB19-C1A8B6EDD36D}.Release|x86.ActiveCfg = Release|iPhone
	EndGlobalSection
	GlobalSection(SolutionProperties) = preSolution
		HideSolutionNode = FALSE
	EndGlobalSection
EndGlobal
